
Microsoft Visual Studio Solution File, Format Version 12.00
# Visual Studio 2012
Project("{FAE04EC0-301F-11D3-BF4B-00C04F79EFBC}") = "WindowsGame3", "WindowsGame3\WindowsGame3\WindowsGame3.csproj", "{BBD6448A-8BB6-43DC-9937-B915B9737DEB}"
EndProject
Project("{96E2B04D-8817-42C6-938A-82C39BA4D311}") = "WindowsGame3Content", "WindowsGame3\WindowsGame3Content\WindowsGame3Content.contentproj", "{20BC1332-A193-4926-9480-F0DBA94599CA}"
EndProject
Global
	GlobalSection(SolutionConfigurationPlatforms) = preSolution
		Debug|x86 = Debug|x86
		Release|x86 = Release|x86
	EndGlobalSection
	GlobalSection(ProjectConfigurationPlatforms) = postSolution
		{BBD6448A-8BB6-43DC-9937-B915B9737DEB}.Debug|x86.ActiveCfg = Debug|x86
		{BBD6448A-8BB6-43DC-9937-B915B9737DEB}.Debug|x86.Build.0 = Debug|x86
		{BBD6448A-8BB6-43DC-9937-B915B9737DEB}.Release|x86.ActiveCfg = Release|x86
		{BBD6448A-8BB6-43DC-9937-B915B9737DEB}.Release|x86.Build.0 = Release|x86
		{20BC1332-A193-4926-9480-F0DBA94599CA}.Debug|x86.ActiveCfg = Debug|x86
		{20BC1332-A193-4926-9480-F0DBA94599CA}.Release|x86.ActiveCfg = Release|x86
	EndGlobalSection
	GlobalSection(SolutionProperties) = preSolution
		HideSolutionNode = FALSE
	EndGlobalSection
EndGlobal
