
Microsoft Visual Studio Solution File, Format Version 12.00
# Visual Studio 2012
Project("{FAE04EC0-301F-11D3-BF4B-00C04F79EFBC}") = "workshop2", "workshop2\workshop2.csproj", "{570BC2D4-718C-40AA-B4DA-AAD389AB733B}"
EndProject
Global
	GlobalSection(SolutionConfigurationPlatforms) = preSolution
		Debug|Any CPU = Debug|Any CPU
		Release|Any CPU = Release|Any CPU
	EndGlobalSection
	GlobalSection(ProjectConfigurationPlatforms) = postSolution
		{570BC2D4-718C-40AA-B4DA-AAD389AB733B}.Debug|Any CPU.ActiveCfg = Debug|Any CPU
		{570BC2D4-718C-40AA-B4DA-AAD389AB733B}.Debug|Any CPU.Build.0 = Debug|Any CPU
		{570BC2D4-718C-40AA-B4DA-AAD389AB733B}.Release|Any CPU.ActiveCfg = Release|Any CPU
		{570BC2D4-718C-40AA-B4DA-AAD389AB733B}.Release|Any CPU.Build.0 = Release|Any CPU
	EndGlobalSection
	GlobalSection(SolutionProperties) = preSolution
		HideSolutionNode = FALSE
	EndGlobalSection
EndGlobal
